
Microsoft Visual Studio Solution File, Format Version 11.00
# Visual Studio 2010
Project("{FAE04EC0-301F-11D3-BF4B-00C04F79EFBC}") = "WebApplication5", "WebApplication5\WebApplication5.csproj", "{4DF08A9A-587E-47A2-97D6-C9E8BF36868E}"
EndProject
Global
	GlobalSection(SolutionConfigurationPlatforms) = preSolution
		Debug|Any CPU = Debug|Any CPU
		Release|Any CPU = Release|Any CPU
	EndGlobalSection
	GlobalSection(ProjectConfigurationPlatforms) = postSolution
		{4DF08A9A-587E-47A2-97D6-C9E8BF36868E}.Debug|Any CPU.ActiveCfg = Debug|Any CPU
		{4DF08A9A-587E-47A2-97D6-C9E8BF36868E}.Debug|Any CPU.Build.0 = Debug|Any CPU
		{4DF08A9A-587E-47A2-97D6-C9E8BF36868E}.Release|Any CPU.ActiveCfg = Release|Any CPU
		{4DF08A9A-587E-47A2-97D6-C9E8BF36868E}.Release|Any CPU.Build.0 = Release|Any CPU
	EndGlobalSection
	GlobalSection(SolutionProperties) = preSolution
		HideSolutionNode = FALSE
	EndGlobalSection
EndGlobal
